PODS:
  - Capacitor (8.3.3):
    - CapacitorCordova
  - CapacitorCordova (8.3.3)
  - CapacitorKeyboard (8.0.3):
    - Capacitor
  - CapacitorPreferences (8.0.1):
    - Capacitor

DEPENDENCIES:
  - "Capacitor (from `../../node_modules/@capacitor/ios`)"
  - "CapacitorCordova (from `../../node_modules/@capacitor/ios`)"
  - "CapacitorKeyboard (from `../../node_modules/@capacitor/keyboard`)"
  - "CapacitorPreferences (from `../../node_modules/@capacitor/preferences`)"

EXTERNAL SOURCES:
  Capacitor:
    :path: "../../node_modules/@capacitor/ios"
  CapacitorCordova:
    :path: "../../node_modules/@capacitor/ios"
  CapacitorKeyboard:
    :path: "../../node_modules/@capacitor/keyboard"
  CapacitorPreferences:
    :path: "../../node_modules/@capacitor/preferences"

SPEC CHECKSUMS:
  Capacitor: e6868a40e11989d2ba7c00f29ce6bdb3a01f29c1
  CapacitorCordova: 71cde252d2c3c3e73a9586e85d2354fc8bbf0209
  CapacitorKeyboard: 31c8285d92c9d1410071d52449f16d2c6673b6f4
  CapacitorPreferences: cca2021f386efb75947c850334447d9ff22b14f1

PODFILE CHECKSUM: 5d6d7e54a7ab58056361f3c032d23a71150f0b20

COCOAPODS: 1.16.2
